
Microsoft Visual Studio Solution File, Format Version 12.00
# Visual Studio Version 16
VisualStudioVersion = 16.0.29409.12
MinimumVisualStudioVersion = 10.0.40219.1
Project("{FAE04EC0-301F-11D3-BF4B-00C04F79EFBC}") = "vidRec", "vidRec\vidRec.csproj", "{5C0AB261-B629-4CB4-B2A6-5041C767D39A}"
EndProject
Global
	GlobalSection(SolutionConfigurationPlatforms) = preSolution
		Debug|Any CPU = Debug|Any CPU
		Release|Any CPU = Release|Any CPU
	EndGlobalSection
	GlobalSection(ProjectConfigurationPlatforms) = postSolution
		{5C0AB261-B629-4CB4-B2A6-5041C767D39A}.Debug|Any CPU.ActiveCfg = Debug|Any CPU
		{5C0AB261-B629-4CB4-B2A6-5041C767D39A}.Debug|Any CPU.Build.0 = Debug|Any CPU
		{5C0AB261-B629-4CB4-B2A6-5041C767D39A}.Release|Any CPU.ActiveCfg = Release|Any CPU
		{5C0AB261-B629-4CB4-B2A6-5041C767D39A}.Release|Any CPU.Build.0 = Release|Any CPU
	EndGlobalSection
	GlobalSection(SolutionProperties) = preSolution
		HideSolutionNode = FALSE
	EndGlobalSection
	GlobalSection(ExtensibilityGlobals) = postSolution
		SolutionGuid = {AA837E1B-B394-4A95-952F-C445F5BF03FB}
	EndGlobalSection
EndGlobal
